
Microsoft Visual Studio Solution File, Format Version 12.00
# Visual Studio Version 16
VisualStudioVersion = 16.0.29102.190
MinimumVisualStudioVersion = 10.0.40219.1
Project("{FAE04EC0-301F-11D3-BF4B-00C04F79EFBC}") = "OrcContentDashboard", "OrcContentDashboard.csproj", "{C1229206-C1B9-444F-BEA2-971521639EE4}"
EndProject
Global
	GlobalSection(SolutionConfigurationPlatforms) = preSolution
		Debug|Any CPU = Debug|Any CPU
		Release|Any CPU = Release|Any CPU
	EndGlobalSection
	GlobalSection(ProjectConfigurationPlatforms) = postSolution
		{C1229206-C1B9-444F-BEA2-971521639EE4}.Debug|Any CPU.ActiveCfg = Debug|Any CPU
		{C1229206-C1B9-444F-BEA2-971521639EE4}.Debug|Any CPU.Build.0 = Debug|Any CPU
		{C1229206-C1B9-444F-BEA2-971521639EE4}.Release|Any CPU.ActiveCfg = Release|Any CPU
		{C1229206-C1B9-444F-BEA2-971521639EE4}.Release|Any CPU.Build.0 = Release|Any CPU
	EndGlobalSection
	GlobalSection(SolutionProperties) = preSolution
		HideSolutionNode = FALSE
	EndGlobalSection
	GlobalSection(ExtensibilityGlobals) = postSolution
		SolutionGuid = {3B7E9F7B-484B-4727-868C-EDC498CF25B8}
	EndGlobalSection
EndGlobal
